
Microsoft Visual Studio Solution File, Format Version 12.00
# Visual Studio Version 16
VisualStudioVersion = 16.0.29728.190
MinimumVisualStudioVersion = 10.0.40219.1
Project("{FAE04EC0-301F-11D3-BF4B-00C04F79EFBC}") = "lab6_1", "lab6_1\lab6_1.csproj", "{21C703C1-291B-4EEE-957B-955E329D34D7}"
EndProject
Global
	GlobalSection(SolutionConfigurationPlatforms) = preSolution
		Debug|Any CPU = Debug|Any CPU
		Release|Any CPU = Release|Any CPU
	EndGlobalSection
	GlobalSection(ProjectConfigurationPlatforms) = postSolution
		{21C703C1-291B-4EEE-957B-955E329D34D7}.Debug|Any CPU.ActiveCfg = Debug|Any CPU
		{21C703C1-291B-4EEE-957B-955E329D34D7}.Debug|Any CPU.Build.0 = Debug|Any CPU
		{21C703C1-291B-4EEE-957B-955E329D34D7}.Release|Any CPU.ActiveCfg = Release|Any CPU
		{21C703C1-291B-4EEE-957B-955E329D34D7}.Release|Any CPU.Build.0 = Release|Any CPU
	EndGlobalSection
	GlobalSection(SolutionProperties) = preSolution
		HideSolutionNode = FALSE
	EndGlobalSection
	GlobalSection(ExtensibilityGlobals) = postSolution
		SolutionGuid = {838BCE0B-52A0-4850-A095-D79A9C6732FB}
	EndGlobalSection
EndGlobal
