
Microsoft Visual Studio Solution File, Format Version 12.00
# Visual Studio Version 16
VisualStudioVersion = 16.0.29728.190
MinimumVisualStudioVersion = 10.0.40219.1
Project("{FAE04EC0-301F-11D3-BF4B-00C04F79EFBC}") = "lab6_2", "lab6_2\lab6_2.csproj", "{757BA8EB-6A16-4E9E-B139-F692FFE8EB5B}"
EndProject
Global
	GlobalSection(SolutionConfigurationPlatforms) = preSolution
		Debug|Any CPU = Debug|Any CPU
		Release|Any CPU = Release|Any CPU
	EndGlobalSection
	GlobalSection(ProjectConfigurationPlatforms) = postSolution
		{757BA8EB-6A16-4E9E-B139-F692FFE8EB5B}.Debug|Any CPU.ActiveCfg = Debug|Any CPU
		{757BA8EB-6A16-4E9E-B139-F692FFE8EB5B}.Debug|Any CPU.Build.0 = Debug|Any CPU
		{757BA8EB-6A16-4E9E-B139-F692FFE8EB5B}.Release|Any CPU.ActiveCfg = Release|Any CPU
		{757BA8EB-6A16-4E9E-B139-F692FFE8EB5B}.Release|Any CPU.Build.0 = Release|Any CPU
	EndGlobalSection
	GlobalSection(SolutionProperties) = preSolution
		HideSolutionNode = FALSE
	EndGlobalSection
	GlobalSection(ExtensibilityGlobals) = postSolution
		SolutionGuid = {050F9ED4-CCFF-47F9-BAB0-7EE203AABBE9}
	EndGlobalSection
EndGlobal
