
Microsoft Visual Studio Solution File, Format Version 12.00
# Visual Studio Version 16
VisualStudioVersion = 16.0.29728.190
MinimumVisualStudioVersion = 10.0.40219.1
Project("{FAE04EC0-301F-11D3-BF4B-00C04F79EFBC}") = "lab4task1", "lab4task1\lab4task1.csproj", "{FC488F3A-AF4F-488D-AD37-14C280700117}"
EndProject
Global
	GlobalSection(SolutionConfigurationPlatforms) = preSolution
		Debug|Any CPU = Debug|Any CPU
		Release|Any CPU = Release|Any CPU
	EndGlobalSection
	GlobalSection(ProjectConfigurationPlatforms) = postSolution
		{FC488F3A-AF4F-488D-AD37-14C280700117}.Debug|Any CPU.ActiveCfg = Debug|Any CPU
		{FC488F3A-AF4F-488D-AD37-14C280700117}.Debug|Any CPU.Build.0 = Debug|Any CPU
		{FC488F3A-AF4F-488D-AD37-14C280700117}.Release|Any CPU.ActiveCfg = Release|Any CPU
		{FC488F3A-AF4F-488D-AD37-14C280700117}.Release|Any CPU.Build.0 = Release|Any CPU
	EndGlobalSection
	GlobalSection(SolutionProperties) = preSolution
		HideSolutionNode = FALSE
	EndGlobalSection
	GlobalSection(ExtensibilityGlobals) = postSolution
		SolutionGuid = {8186D121-C2CD-4803-8074-2F99F2A2E1DB}
	EndGlobalSection
EndGlobal
